// !$*UTF8*$!
{
	archiveVersion = 1;
	classes = {
	};
	objectVersion = 46;
	objects = {

/* Begin PBXBuildFile section */
		AF2C22231874B8B700082561 /* Foundation.framework in Frameworks */ = {isa = PBXBuildFile; fileRef = AF2C22221874B8B700082561 /* Foundation.framework */; };
		AF2C22251874B8B700082561 /* CoreGraphics.framework in Frameworks */ = {isa = PBXBuildFile; fileRef = AF2C22241874B8B700082561 /* CoreGraphics.framework */; };
		AF2C22271874B8B700082561 /* UIKit.framework in Frameworks */ = {isa = PBXBuildFile; fileRef = AF2C22261874B8B700082561 /* UIKit.framework */; };
		AF2C222D1874B8B700082561 /* InfoPlist.strings in Resources */ = {isa = PBXBuildFile; fileRef = AF2C222B1874B8B700082561 /* InfoPlist.strings */; };
		AF2C222F1874B8B700082561 /* main.m in Sources */ = {isa = PBXBuildFile; fileRef = AF2C222E1874B8B700082561 /* main.m */; };
		AF2C22331874B8B800082561 /* CMAppDelegate.m in Sources */ = {isa = PBXBuildFile; fileRef = AF2C22321874B8B800082561 /* CMAppDelegate.m */; };
		AF2C22361874B8B800082561 /* Main_iPhone.storyboard in Resources */ = {isa = PBXBuildFile; fileRef = AF2C22341874B8B800082561 /* Main_iPhone.storyboard */; };
		AF2C22391874B8B800082561 /* Main_iPad.storyboard in Resources */ = {isa = PBXBuildFile; fileRef = AF2C22371874B8B800082561 /* Main_iPad.storyboard */; };
		AF2C223C1874B8B800082561 /* MainGameViewController.m in Sources */ = {isa = PBXBuildFile; fileRef = AF2C223B1874B8B800082561 /* MainGameViewController.m */; };
		AF2C223E1874B8B800082561 /* Images.xcassets in Resources */ = {isa = PBXBuildFile; fileRef = AF2C223D1874B8B800082561 /* Images.xcassets */; };
		AF2C22451874B8B800082561 /* XCTest.framework in Frameworks */ = {isa = PBXBuildFile; fileRef = AF2C22441874B8B800082561 /* XCTest.framework */; };
		AF2C22461874B8B800082561 /* Foundation.framework in Frameworks */ = {isa = PBXBuildFile; fileRef = AF2C22221874B8B700082561 /* Foundation.framework */; };
		AF2C22471874B8B800082561 /* UIKit.framework in Frameworks */ = {isa = PBXBuildFile; fileRef = AF2C22261874B8B700082561 /* UIKit.framework */; };
		AF2C224F1874B8B800082561 /* InfoPlist.strings in Resources */ = {isa = PBXBuildFile; fileRef = AF2C224D1874B8B800082561 /* InfoPlist.strings */; };
		AF2C22511874B8B800082561 /* Color_MatchTests.m in Sources */ = {isa = PBXBuildFile; fileRef = AF2C22501874B8B800082561 /* Color_MatchTests.m */; };
		AFADA21D1877D20D00FADA22 /* BlockBlue.png in Resources */ = {isa = PBXBuildFile; fileRef = AFADA2071877D20D00FADA22 /* BlockBlue.png */; };
		AFADA21E1877D20D00FADA22 /* BlockGreen.png in Resources */ = {isa = PBXBuildFile; fileRef = AFADA2081877D20D00FADA22 /* BlockGreen.png */; };
		AFADA21F1877D20D00FADA22 /* BlockOrange.png in Resources */ = {isa = PBXBuildFile; fileRef = AFADA2091877D20D00FADA22 /* BlockOrange.png */; };
		AFADA2201877D20D00FADA22 /* BlockPurple.png in Resources */ = {isa = PBXBuildFile; fileRef = AFADA20A1877D20D00FADA22 /* BlockPurple.png */; };
		AFADA2211877D20D00FADA22 /* BlockRed.png in Resources */ = {isa = PBXBuildFile; fileRef = AFADA20B1877D20D00FADA22 /* BlockRed.png */; };
		AFADA2221877D20D00FADA22 /* BlockWhite.png in Resources */ = {isa = PBXBuildFile; fileRef = AFADA20C1877D20D00FADA22 /* BlockWhite.png */; };
		AFADA2231877D20D00FADA22 /* BlockYellow.png in Resources */ = {isa = PBXBuildFile; fileRef = AFADA20D1877D20D00FADA22 /* BlockYellow.png */; };
		AFADA2241877D20D00FADA22 /* Blue.png in Resources */ = {isa = PBXBuildFile; fileRef = AFADA20E1877D20D00FADA22 /* Blue.png */; };
		AFADA2251877D20D00FADA22 /* BlueSelected.png in Resources */ = {isa = PBXBuildFile; fileRef = AFADA20F1877D20D00FADA22 /* BlueSelected.png */; };
		AFADA2261877D20D00FADA22 /* ButtonBar.png in Resources */ = {isa = PBXBuildFile; fileRef = AFADA2101877D20D00FADA22 /* ButtonBar.png */; };
		AFADA2271877D20D00FADA22 /* EmptyCircle.png in Resources */ = {isa = PBXBuildFile; fileRef = AFADA2111877D20D00FADA22 /* EmptyCircle.png */; };
		AFADA2281877D20D00FADA22 /* FilledCircleBlue.png in Resources */ = {isa = PBXBuildFile; fileRef = AFADA2121877D20D00FADA22 /* FilledCircleBlue.png */; };
		AFADA2291877D20D00FADA22 /* FilledCircleGreen.png in Resources */ = {isa = PBXBuildFile; fileRef = AFADA2131877D20D00FADA22 /* FilledCircleGreen.png */; };
		AFADA22A1877D20D00FADA22 /* FilledCircleRed.png in Resources */ = {isa = PBXBuildFile; fileRef = AFADA2141877D20D00FADA22 /* FilledCircleRed.png */; };
		AFADA22B1877D20D00FADA22 /* FilledCircleYellow.png in Resources */ = {isa = PBXBuildFile; fileRef = AFADA2151877D20D00FADA22 /* FilledCircleYellow.png */; };
		AFADA22C1877D20D00FADA22 /* Green.png in Resources */ = {isa = PBXBuildFile; fileRef = AFADA2161877D20D00FADA22 /* Green.png */; };
		AFADA22D1877D20D00FADA22 /* Red.png in Resources */ = {isa = PBXBuildFile; fileRef = AFADA2171877D20D00FADA22 /* Red.png */; };
		AFADA22E1877D20D00FADA22 /* RedSelected.png in Resources */ = {isa = PBXBuildFile; fileRef = AFADA2181877D20D00FADA22 /* RedSelected.png */; };
		AFADA22F1877D20D00FADA22 /* White.png in Resources */ = {isa = PBXBuildFile; fileRef = AFADA2191877D20D00FADA22 /* White.png */; };
		AFADA2301877D20D00FADA22 /* WhiteSelected.png in Resources */ = {isa = PBXBuildFile; fileRef = AFADA21A1877D20D00FADA22 /* WhiteSelected.png */; };
		AFADA2311877D20D00FADA22 /* Yellow.png in Resources */ = {isa = PBXBuildFile; fileRef = AFADA21B1877D20D00FADA22 /* Yellow.png */; };
		AFADA2321877D20D00FADA22 /* YellowSelected.png in Resources */ = {isa = PBXBuildFile; fileRef = AFADA21C1877D20D00FADA22 /* YellowSelected.png */; };
		AFADA23518791E4400FADA22 /* GridColorButton.m in Sources */ = {isa = PBXBuildFile; fileRef = AFADA23418791E4400FADA22 /* GridColorButton.m */; };
		AFB75A9B188339C900CAB736 /* GameLogo.png in Resources */ = {isa = PBXBuildFile; fileRef = AFB75A9A188339C900CAB736 /* GameLogo.png */; };
		AFB75A9F18834ECD00CAB736 /* AppIcon120.png in Resources */ = {isa = PBXBuildFile; fileRef = AFB75A9D18834ECD00CAB736 /* AppIcon120.png */; };
		AFB896811881C0C7003FAEF4 /* GoalBoard.m in Sources */ = {isa = PBXBuildFile; fileRef = AFB896801881C0C7003FAEF4 /* GoalBoard.m */; };
		AFB896851881E011003FAEF4 /* ColorBoard.m in Sources */ = {isa = PBXBuildFile; fileRef = AFB896841881E011003FAEF4 /* ColorBoard.m */; };
		AFB896881881E2E6003FAEF4 /* CommonUtils.m in Sources */ = {isa = PBXBuildFile; fileRef = AFB896871881E2E6003FAEF4 /* CommonUtils.m */; };
		AFB8968B1881EDD0003FAEF4 /* UserColorBoard.m in Sources */ = {isa = PBXBuildFile; fileRef = AFB8968A1881EDD0003FAEF4 /* UserColorBoard.m */; };
		AFB8969118822186003FAEF4 /* ChooseGameSizeViewController.m in Sources */ = {isa = PBXBuildFile; fileRef = AFB8969018822186003FAEF4 /* ChooseGameSizeViewController.m */; };
		AFB8969318822F2F003FAEF4 /* ButtonBar2.png in Resources */ = {isa = PBXBuildFile; fileRef = AFB8969218822F2F003FAEF4 /* ButtonBar2.png */; };
		AFB8969618823E6E003FAEF4 /* MainUINavigationController.m in Sources */ = {isa = PBXBuildFile; fileRef = AFB8969518823E6E003FAEF4 /* MainUINavigationController.m */; };
		BF0D4BC5192010BB00AACB5A /* BoardCells.m in Sources */ = {isa = PBXBuildFile; fileRef = BF0D4BC4192010BB00AACB5A /* BoardCells.m */; };
		BF0D4BCC1921DEE700AACB5A /* ConnectorLines.m in Sources */ = {isa = PBXBuildFile; fileRef = BF0D4BCB1921DEE700AACB5A /* ConnectorLines.m */; };
		BF0D4BCF1929379100AACB5A /* LineInfo.m in Sources */ = {isa = PBXBuildFile; fileRef = BF0D4BCE1929379100AACB5A /* LineInfo.m */; };
		BF0D4BD119293E5500AACB5A /* BlockClear.png in Resources */ = {isa = PBXBuildFile; fileRef = BF0D4BD019293E5500AACB5A /* BlockClear.png */; };
		BF0D4BD41929429E00AACB5A /* LinePiece.m in Sources */ = {isa = PBXBuildFile; fileRef = BF0D4BD31929429E00AACB5A /* LinePiece.m */; };
		BF6304391895F231002F3C9E /* ColorCell.m in Sources */ = {isa = PBXBuildFile; fileRef = BF6304381895F231002F3C9E /* ColorCell.m */; };
		BF874D11192B28C1001701A2 /* ReflectorLtDGoal@2x.png in Resources */ = {isa = PBXBuildFile; fileRef = BF874D0D192B28C1001701A2 /* ReflectorLtDGoal@2x.png */; };
		BF874D15192B2CBB001701A2 /* ReflectorTtRGoal@2x.png in Resources */ = {isa = PBXBuildFile; fileRef = BF874D14192B2CBB001701A2 /* ReflectorTtRGoal@2x.png */; };
		BFA3A2B4192D899D00C1BB7D /* ReflectorArrowLtD@2x.png in Resources */ = {isa = PBXBuildFile; fileRef = BFA3A2B2192D899D00C1BB7D /* ReflectorArrowLtD@2x.png */; };
		BFA3A2B5192D899D00C1BB7D /* ReflectorArrowTtR@2x.png in Resources */ = {isa = PBXBuildFile; fileRef = BFA3A2B3192D899D00C1BB7D /* ReflectorArrowTtR@2x.png */; };
		BFA3A2BC1931401700C1BB7D /* ReflectorArrowLtDBlue@2x.png in Resources */ = {isa = PBXBuildFile; fileRef = BFA3A2B61931401700C1BB7D /* ReflectorArrowLtDBlue@2x.png */; };
		BFA3A2BD1931401700C1BB7D /* ReflectorArrowLtDRed@2x.png in Resources */ = {isa = PBXBuildFile; fileRef = BFA3A2B71931401700C1BB7D /* ReflectorArrowLtDRed@2x.png */; };
		BFA3A2BE1931401700C1BB7D /* ReflectorArrowLtDYellow@2x.png in Resources */ = {isa = PBXBuildFile; fileRef = BFA3A2B81931401700C1BB7D /* ReflectorArrowLtDYellow@2x.png */; };
		BFA3A2BF1931401700C1BB7D /* ReflectorArrowTtRBlue@2x.png in Resources */ = {isa = PBXBuildFile; fileRef = BFA3A2B91931401700C1BB7D /* ReflectorArrowTtRBlue@2x.png */; };
		BFA3A2C01931401700C1BB7D /* ReflectorArrowTtRRed@2x.png in Resources */ = {isa = PBXBuildFile; fileRef = BFA3A2BA1931401700C1BB7D /* ReflectorArrowTtRRed@2x.png */; };
		BFA3A2C11931401700C1BB7D /* ReflectorArrowTtRYellow@2x.png in Resources */ = {isa = PBXBuildFile; fileRef = BFA3A2BB1931401700C1BB7D /* ReflectorArrowTtRYellow@2x.png */; };
		BFA3A2C5193A566F00C1BB7D /* logo@2x.png in Resources */ = {isa = PBXBuildFile; fileRef = BFA3A2C4193A566F00C1BB7D /* logo@2x.png */; };
		BFA3A2C8193AE81100C1BB7D /* WorldViewController.m in Sources */ = {isa = PBXBuildFile; fileRef = BFA3A2C7193AE81100C1BB7D /* WorldViewController.m */; };
		BFA3A2CB193AF4D900C1BB7D /* completeLevel@2x.png in Resources */ = {isa = PBXBuildFile; fileRef = BFA3A2C9193AF4D900C1BB7D /* completeLevel@2x.png */; };
		BFA3A2CC193AF4D900C1BB7D /* incompleteLevel@2x.png in Resources */ = {isa = PBXBuildFile; fileRef = BFA3A2CA193AF4D900C1BB7D /* incompleteLevel@2x.png */; };
		BFA3A2CF1944386400C1BB7D /* LevelSelectButton.m in Sources */ = {isa = PBXBuildFile; fileRef = BFA3A2CE1944386400C1BB7D /* LevelSelectButton.m */; };
		BFA3A2D21944B6B900C1BB7D /* UserData.m in Sources */ = {isa = PBXBuildFile; fileRef = BFA3A2D11944B6B900C1BB7D /* UserData.m */; };
/* End PBXBuildFile section */

/* Begin PBXContainerItemProxy section */
		AF2C22481874B8B800082561 /* PBXContainerItemProxy */ = {
			isa = PBXContainerItemProxy;
			containerPortal = AF2C22171874B8B700082561 /* Project object */;
			proxyType = 1;
			remoteGlobalIDString = AF2C221E1874B8B700082561;
			remoteInfo = "Color Match";
		};
/* End PBXContainerItemProxy section */

/* Begin PBXFileReference section */
		AF2C221F1874B8B700082561 /* Color Match.app */ = {isa = PBXFileReference; explicitFileType = wrapper.application; includeInIndex = 0; path = "Color Match.app"; sourceTree = BUILT_PRODUCTS_DIR; };
		AF2C22221874B8B700082561 /* Foundation.framework */ = {isa = PBXFileReference; lastKnownFileType = wrapper.framework; name = Foundation.framework; path = System/Library/Frameworks/Foundation.framework; sourceTree = SDKROOT; };
		AF2C22241874B8B700082561 /* CoreGraphics.framework */ = {isa = PBXFileReference; lastKnownFileType = wrapper.framework; name = CoreGraphics.framework; path = System/Library/Frameworks/CoreGraphics.framework; sourceTree = SDKROOT; };
		AF2C22261874B8B700082561 /* UIKit.framework */ = {isa = PBXFileReference; lastKnownFileType = wrapper.framework; name = UIKit.framework; path = System/Library/Frameworks/UIKit.framework; sourceTree = SDKROOT; };
		AF2C222A1874B8B700082561 /* Color Match-Info.plist */ = {isa = PBXFileReference; lastKnownFileType = text.plist.xml; path = "Color Match-Info.plist"; sourceTree = "<group>"; };
		AF2C222C1874B8B700082561 /* en */ = {isa = PBXFileReference; lastKnownFileType = text.plist.strings; name = en; path = en.lproj/InfoPlist.strings; sourceTree = "<group>"; };
		AF2C222E1874B8B700082561 /* main.m */ = {isa = PBXFileReference; lastKnownFileType = sourcecode.c.objc; path = main.m; sourceTree = "<group>"; };
		AF2C22301874B8B700082561 /* Color Match-Prefix.pch */ = {isa = PBXFileReference; lastKnownFileType = sourcecode.c.h; path = "Color Match-Prefix.pch"; sourceTree = "<group>"; };
		AF2C22311874B8B700082561 /* CMAppDelegate.h */ = {isa = PBXFileReference; lastKnownFileType = sourcecode.c.h; path = CMAppDelegate.h; sourceTree = "<group>"; };
		AF2C22321874B8B800082561 /* CMAppDelegate.m */ = {isa = PBXFileReference; lastKnownFileType = sourcecode.c.objc; path = CMAppDelegate.m; sourceTree = "<group>"; };
		AF2C22351874B8B800082561 /* Base */ = {isa = PBXFileReference; lastKnownFileType = file.storyboard; name = Base; path = Base.lproj/Main_iPhone.storyboard; sourceTree = "<group>"; };
		AF2C22381874B8B800082561 /* Base */ = {isa = PBXFileReference; lastKnownFileType = file.storyboard; name = Base; path = Base.lproj/Main_iPad.storyboard; sourceTree = "<group>"; };
		AF2C223A1874B8B800082561 /* MainGameViewController.h */ = {isa = PBXFileReference; lastKnownFileType = sourcecode.c.h; path = MainGameViewController.h; sourceTree = "<group>"; };
		AF2C223B1874B8B800082561 /* MainGameViewController.m */ = {isa = PBXFileReference; lastKnownFileType = sourcecode.c.objc; path = MainGameViewController.m; sourceTree = "<group>"; };
		AF2C223D1874B8B800082561 /* Images.xcassets */ = {isa = PBXFileReference; lastKnownFileType = folder.assetcatalog; path = Images.xcassets; sourceTree = "<group>"; };
		AF2C22431874B8B800082561 /* Color MatchTests.xctest */ = {isa = PBXFileReference; explicitFileType = wrapper.cfbundle; includeInIndex = 0; path = "Color MatchTests.xctest"; sourceTree = BUILT_PRODUCTS_DIR; };
		AF2C22441874B8B800082561 /* XCTest.framework */ = {isa = PBXFileReference; lastKnownFileType = wrapper.framework; name = XCTest.framework; path = Library/Frameworks/XCTest.framework; sourceTree = DEVELOPER_DIR; };
		AF2C224C1874B8B800082561 /* Color MatchTests-Info.plist */ = {isa = PBXFileReference; lastKnownFileType = text.plist.xml; path = "Color MatchTests-Info.plist"; sourceTree = "<group>"; };
		AF2C224E1874B8B800082561 /* en */ = {isa = PBXFileReference; lastKnownFileType = text.plist.strings; name = en; path = en.lproj/InfoPlist.strings; sourceTree = "<group>"; };
		AF2C22501874B8B800082561 /* Color_MatchTests.m */ = {isa = PBXFileReference; lastKnownFileType = sourcecode.c.objc; path = Color_MatchTests.m; sourceTree = "<group>"; };
		AFADA2071877D20D00FADA22 /* BlockBlue.png */ = {isa = PBXFileReference; lastKnownFileType = image.png; path = BlockBlue.png; sourceTree = "<group>"; };
		AFADA2081877D20D00FADA22 /* BlockGreen.png */ = {isa = PBXFileReference; lastKnownFileType = image.png; path = BlockGreen.png; sourceTree = "<group>"; };
		AFADA2091877D20D00FADA22 /* BlockOrange.png */ = {isa = PBXFileReference; lastKnownFileType = image.png; path = BlockOrange.png; sourceTree = "<group>"; };
		AFADA20A1877D20D00FADA22 /* BlockPurple.png */ = {isa = PBXFileReference; lastKnownFileType = image.png; path = BlockPurple.png; sourceTree = "<group>"; };
		AFADA20B1877D20D00FADA22 /* BlockRed.png */ = {isa = PBXFileReference; lastKnownFileType = image.png; path = BlockRed.png; sourceTree = "<group>"; };
		AFADA20C1877D20D00FADA22 /* BlockWhite.png */ = {isa = PBXFileReference; lastKnownFileType = image.png; path = BlockWhite.png; sourceTree = "<group>"; };
		AFADA20D1877D20D00FADA22 /* BlockYellow.png */ = {isa = PBXFileReference; lastKnownFileType = image.png; path = BlockYellow.png; sourceTree = "<group>"; };
		AFADA20E1877D20D00FADA22 /* Blue.png */ = {isa = PBXFileReference; lastKnownFileType = image.png; path = Blue.png; sourceTree = "<group>"; };
		AFADA20F1877D20D00FADA22 /* BlueSelected.png */ = {isa = PBXFileReference; lastKnownFileType = image.png; path = BlueSelected.png; sourceTree = "<group>"; };
		AFADA2101877D20D00FADA22 /* ButtonBar.png */ = {isa = PBXFileReference; lastKnownFileType = image.png; path = ButtonBar.png; sourceTree = "<group>"; };
		AFADA2111877D20D00FADA22 /* EmptyCircle.png */ = {isa = PBXFileReference; lastKnownFileType = image.png; path = EmptyCircle.png; sourceTree = "<group>"; };
		AFADA2121877D20D00FADA22 /* FilledCircleBlue.png */ = {isa = PBXFileReference; lastKnownFileType = image.png; path = FilledCircleBlue.png; sourceTree = "<group>"; };
		AFADA2131877D20D00FADA22 /* FilledCircleGreen.png */ = {isa = PBXFileReference; lastKnownFileType = image.png; path = FilledCircleGreen.png; sourceTree = "<group>"; };
		AFADA2141877D20D00FADA22 /* FilledCircleRed.png */ = {isa = PBXFileReference; lastKnownFileType = image.png; path = FilledCircleRed.png; sourceTree = "<group>"; };
		AFADA2151877D20D00FADA22 /* FilledCircleYellow.png */ = {isa = PBXFileReference; lastKnownFileType = image.png; path = FilledCircleYellow.png; sourceTree = "<group>"; };
		AFADA2161877D20D00FADA22 /* Green.png */ = {isa = PBXFileReference; lastKnownFileType = image.png; path = Green.png; sourceTree = "<group>"; };
		AFADA2171877D20D00FADA22 /* Red.png */ = {isa = PBXFileReference; lastKnownFileType = image.png; path = Red.png; sourceTree = "<group>"; };
		AFADA2181877D20D00FADA22 /* RedSelected.png */ = {isa = PBXFileReference; lastKnownFileType = image.png; path = RedSelected.png; sourceTree = "<group>"; };
		AFADA2191877D20D00FADA22 /* White.png */ = {isa = PBXFileReference; lastKnownFileType = image.png; path = White.png; sourceTree = "<group>"; };
		AFADA21A1877D20D00FADA22 /* WhiteSelected.png */ = {isa = PBXFileReference; lastKnownFileType = image.png; path = WhiteSelected.png; sourceTree = "<group>"; };
		AFADA21B1877D20D00FADA22 /* Yellow.png */ = {isa = PBXFileReference; lastKnownFileType = image.png; path = Yellow.png; sourceTree = "<group>"; };
		AFADA21C1877D20D00FADA22 /* YellowSelected.png */ = {isa = PBXFileReference; lastKnownFileType = image.png; path = YellowSelected.png; sourceTree = "<group>"; };
		AFADA23318791E4400FADA22 /* GridColorButton.h */ = {isa = PBXFileReference; fileEncoding = 4; lastKnownFileType = sourcecode.c.h; path = GridColorButton.h; sourceTree = "<group>"; };
		AFADA23418791E4400FADA22 /* GridColorButton.m */ = {isa = PBXFileReference; fileEncoding = 4; lastKnownFileType = sourcecode.c.objc; path = GridColorButton.m; sourceTree = "<group>"; };
		AFB75A9A188339C900CAB736 /* GameLogo.png */ = {isa = PBXFileReference; lastKnownFileType = image.png; path = GameLogo.png; sourceTree = "<group>"; };
		AFB75A9D18834ECD00CAB736 /* AppIcon120.png */ = {isa = PBXFileReference; lastKnownFileType = image.png; path = AppIcon120.png; sourceTree = "<group>"; };
		AFB8967F1881C0C7003FAEF4 /* GoalBoard.h */ = {isa = PBXFileReference; fileEncoding = 4; lastKnownFileType = sourcecode.c.h; path = GoalBoard.h; sourceTree = "<group>"; };
		AFB896801881C0C7003FAEF4 /* GoalBoard.m */ = {isa = PBXFileReference; fileEncoding = 4; lastKnownFileType = sourcecode.c.objc; path = GoalBoard.m; sourceTree = "<group>"; };
		AFB896821881C288003FAEF4 /* CommonTypes.h */ = {isa = PBXFileReference; lastKnownFileType = sourcecode.c.h; path = CommonTypes.h; sourceTree = "<group>"; };
		AFB896831881E011003FAEF4 /* ColorBoard.h */ = {isa = PBXFileReference; fileEncoding = 4; lastKnownFileType = sourcecode.c.h; path = ColorBoard.h; sourceTree = "<group>"; };
		AFB896841881E011003FAEF4 /* ColorBoard.m */ = {isa = PBXFileReference; fileEncoding = 4; lastKnownFileType = sourcecode.c.objc; path = ColorBoard.m; sourceTree = "<group>"; };
		AFB896861881E2E6003FAEF4 /* CommonUtils.h */ = {isa = PBXFileReference; fileEncoding = 4; lastKnownFileType = sourcecode.c.h; path = CommonUtils.h; sourceTree = "<group>"; };
		AFB896871881E2E6003FAEF4 /* CommonUtils.m */ = {isa = PBXFileReference; fileEncoding = 4; lastKnownFileType = sourcecode.c.objc; path = CommonUtils.m; sourceTree = "<group>"; };
		AFB896891881EDD0003FAEF4 /* UserColorBoard.h */ = {isa = PBXFileReference; fileEncoding = 4; lastKnownFileType = sourcecode.c.h; path = UserColorBoard.h; sourceTree = "<group>"; };
		AFB8968A1881EDD0003FAEF4 /* UserColorBoard.m */ = {isa = PBXFileReference; fileEncoding = 4; lastKnownFileType = sourcecode.c.objc; path = UserColorBoard.m; sourceTree = "<group>"; };
		AFB8968F18822186003FAEF4 /* ChooseGameSizeViewController.h */ = {isa = PBXFileReference; fileEncoding = 4; lastKnownFileType = sourcecode.c.h; path = ChooseGameSizeViewController.h; sourceTree = "<group>"; };
		AFB8969018822186003FAEF4 /* ChooseGameSizeViewController.m */ = {isa = PBXFileReference; fileEncoding = 4; lastKnownFileType = sourcecode.c.objc; path = ChooseGameSizeViewController.m; sourceTree = "<group>"; };
		AFB8969218822F2F003FAEF4 /* ButtonBar2.png */ = {isa = PBXFileReference; lastKnownFileType = image.png; path = ButtonBar2.png; sourceTree = "<group>"; };
		AFB8969418823E6E003FAEF4 /* MainUINavigationController.h */ = {isa = PBXFileReference; fileEncoding = 4; lastKnownFileType = sourcecode.c.h; path = MainUINavigationController.h; sourceTree = "<group>"; };
		AFB8969518823E6E003FAEF4 /* MainUINavigationController.m */ = {isa = PBXFileReference; fileEncoding = 4; lastKnownFileType = sourcecode.c.objc; path = MainUINavigationController.m; sourceTree = "<group>"; };
		BF0D4BC3192010BB00AACB5A /* BoardCells.h */ = {isa = PBXFileReference; fileEncoding = 4; lastKnownFileType = sourcecode.c.h; path = BoardCells.h; sourceTree = "<group>"; };
		BF0D4BC4192010BB00AACB5A /* BoardCells.m */ = {isa = PBXFileReference; fileEncoding = 4; lastKnownFileType = sourcecode.c.objc; path = BoardCells.m; sourceTree = "<group>"; };
		BF0D4BCA1921DEE700AACB5A /* ConnectorLines.h */ = {isa = PBXFileReference; fileEncoding = 4; lastKnownFileType = sourcecode.c.h; path = ConnectorLines.h; sourceTree = "<group>"; };
		BF0D4BCB1921DEE700AACB5A /* ConnectorLines.m */ = {isa = PBXFileReference; fileEncoding = 4; lastKnownFileType = sourcecode.c.objc; path = ConnectorLines.m; sourceTree = "<group>"; };
		BF0D4BCD1929379100AACB5A /* LineInfo.h */ = {isa = PBXFileReference; fileEncoding = 4; lastKnownFileType = sourcecode.c.h; path = LineInfo.h; sourceTree = "<group>"; };
		BF0D4BCE1929379100AACB5A /* LineInfo.m */ = {isa = PBXFileReference; fileEncoding = 4; lastKnownFileType = sourcecode.c.objc; path = LineInfo.m; sourceTree = "<group>"; };
		BF0D4BD019293E5500AACB5A /* BlockClear.png */ = {isa = PBXFileReference; lastKnownFileType = image.png; path = BlockClear.png; sourceTree = "<group>"; };
		BF0D4BD21929429E00AACB5A /* LinePiece.h */ = {isa = PBXFileReference; fileEncoding = 4; lastKnownFileType = sourcecode.c.h; path = LinePiece.h; sourceTree = "<group>"; };
		BF0D4BD31929429E00AACB5A /* LinePiece.m */ = {isa = PBXFileReference; fileEncoding = 4; lastKnownFileType = sourcecode.c.objc; path = LinePiece.m; sourceTree = "<group>"; };
		BF6304371895F231002F3C9E /* ColorCell.h */ = {isa = PBXFileReference; fileEncoding = 4; lastKnownFileType = sourcecode.c.h; path = ColorCell.h; sourceTree = "<group>"; };
		BF6304381895F231002F3C9E /* ColorCell.m */ = {isa = PBXFileReference; fileEncoding = 4; lastKnownFileType = sourcecode.c.objc; path = ColorCell.m; sourceTree = "<group>"; };
		BF874D0D192B28C1001701A2 /* ReflectorLtDGoal@2x.png */ = {isa = PBXFileReference; lastKnownFileType = image.png; path = "ReflectorLtDGoal@2x.png"; sourceTree = "<group>"; };
		BF874D14192B2CBB001701A2 /* ReflectorTtRGoal@2x.png */ = {isa = PBXFileReference; lastKnownFileType = image.png; path = "ReflectorTtRGoal@2x.png"; sourceTree = "<group>"; };
		BFA3A2B2192D899D00C1BB7D /* ReflectorArrowLtD@2x.png */ = {isa = PBXFileReference; lastKnownFileType = image.png; path = "ReflectorArrowLtD@2x.png"; sourceTree = "<group>"; };
		BFA3A2B3192D899D00C1BB7D /* ReflectorArrowTtR@2x.png */ = {isa = PBXFileReference; lastKnownFileType = image.png; path = "ReflectorArrowTtR@2x.png"; sourceTree = "<group>"; };
		BFA3A2B61931401700C1BB7D /* ReflectorArrowLtDBlue@2x.png */ = {isa = PBXFileReference; lastKnownFileType = image.png; path = "ReflectorArrowLtDBlue@2x.png"; sourceTree = "<group>"; };
		BFA3A2B71931401700C1BB7D /* ReflectorArrowLtDRed@2x.png */ = {isa = PBXFileReference; lastKnownFileType = image.png; path = "ReflectorArrowLtDRed@2x.png"; sourceTree = "<group>"; };
		BFA3A2B81931401700C1BB7D /* ReflectorArrowLtDYellow@2x.png */ = {isa = PBXFileReference; lastKnownFileType = image.png; path = "ReflectorArrowLtDYellow@2x.png"; sourceTree = "<group>"; };
		BFA3A2B91931401700C1BB7D /* ReflectorArrowTtRBlue@2x.png */ = {isa = PBXFileReference; lastKnownFileType = image.png; path = "ReflectorArrowTtRBlue@2x.png"; sourceTree = "<group>"; };
		BFA3A2BA1931401700C1BB7D /* ReflectorArrowTtRRed@2x.png */ = {isa = PBXFileReference; lastKnownFileType = image.png; path = "ReflectorArrowTtRRed@2x.png"; sourceTree = "<group>"; };
		BFA3A2BB1931401700C1BB7D /* ReflectorArrowTtRYellow@2x.png */ = {isa = PBXFileReference; lastKnownFileType = image.png; path = "ReflectorArrowTtRYellow@2x.png"; sourceTree = "<group>"; };
		BFA3A2C4193A566F00C1BB7D /* logo@2x.png */ = {isa = PBXFileReference; lastKnownFileType = image.png; path = "logo@2x.png"; sourceTree = "<group>"; };
		BFA3A2C6193AE81100C1BB7D /* WorldViewController.h */ = {isa = PBXFileReference; fileEncoding = 4; lastKnownFileType = sourcecode.c.h; path = WorldViewController.h; sourceTree = "<group>"; };
		BFA3A2C7193AE81100C1BB7D /* WorldViewController.m */ = {isa = PBXFileReference; fileEncoding = 4; lastKnownFileType = sourcecode.c.objc; path = WorldViewController.m; sourceTree = "<group>"; };
		BFA3A2C9193AF4D900C1BB7D /* completeLevel@2x.png */ = {isa = PBXFileReference; lastKnownFileType = image.png; path = "completeLevel@2x.png"; sourceTree = "<group>"; };
		BFA3A2CA193AF4D900C1BB7D /* incompleteLevel@2x.png */ = {isa = PBXFileReference; lastKnownFileType = image.png; path = "incompleteLevel@2x.png"; sourceTree = "<group>"; };
		BFA3A2CD1944386400C1BB7D /* LevelSelectButton.h */ = {isa = PBXFileReference; fileEncoding = 4; lastKnownFileType = sourcecode.c.h; path = LevelSelectButton.h; sourceTree = "<group>"; };
		BFA3A2CE1944386400C1BB7D /* LevelSelectButton.m */ = {isa = PBXFileReference; fileEncoding = 4; lastKnownFileType = sourcecode.c.objc; path = LevelSelectButton.m; sourceTree = "<group>"; };
		BFA3A2D01944B6B900C1BB7D /* UserData.h */ = {isa = PBXFileReference; fileEncoding = 4; lastKnownFileType = sourcecode.c.h; path = UserData.h; sourceTree = "<group>"; };
		BFA3A2D11944B6B900C1BB7D /* UserData.m */ = {isa = PBXFileReference; fileEncoding = 4; lastKnownFileType = sourcecode.c.objc; path = UserData.m; sourceTree = "<group>"; };
/* End PBXFileReference section */

/* Begin PBXFrameworksBuildPhase section */
		AF2C221C1874B8B700082561 /* Frameworks */ = {
			isa = PBXFrameworksBuildPhase;
			buildActionMask = 2147483647;
			files = (
				AF2C22251874B8B700082561 /* CoreGraphics.framework in Frameworks */,
				AF2C22271874B8B700082561 /* UIKit.framework in Frameworks */,
				AF2C22231874B8B700082561 /* Foundation.framework in Frameworks */,
			);
			runOnlyForDeploymentPostprocessing = 0;
		};
		AF2C22401874B8B800082561 /* Frameworks */ = {
			isa = PBXFrameworksBuildPhase;
			buildActionMask = 2147483647;
			files = (
				AF2C22451874B8B800082561 /* XCTest.framework in Frameworks */,
				AF2C22471874B8B800082561 /* UIKit.framework in Frameworks */,
				AF2C22461874B8B800082561 /* Foundation.framework in Frameworks */,
			);
			runOnlyForDeploymentPostprocessing = 0;
		};
/* End PBXFrameworksBuildPhase section */

/* Begin PBXGroup section */
		AF2C22161874B8B700082561 = {
			isa = PBXGroup;
			children = (
				AF2C22281874B8B700082561 /* Color Match */,
				AF2C224A1874B8B800082561 /* Color MatchTests */,
				AF2C22211874B8B700082561 /* Frameworks */,
				AF2C22201874B8B700082561 /* Products */,
			);
			sourceTree = "<group>";
		};
		AF2C22201874B8B700082561 /* Products */ = {
			isa = PBXGroup;
			children = (
				AF2C221F1874B8B700082561 /* Color Match.app */,
				AF2C22431874B8B800082561 /* Color MatchTests.xctest */,
			);
			name = Products;
			sourceTree = "<group>";
		};
		AF2C22211874B8B700082561 /* Frameworks */ = {
			isa = PBXGroup;
			children = (
				AF2C22221874B8B700082561 /* Foundation.framework */,
				AF2C22241874B8B700082561 /* CoreGraphics.framework */,
				AF2C22261874B8B700082561 /* UIKit.framework */,
				AF2C22441874B8B800082561 /* XCTest.framework */,
			);
			name = Frameworks;
			sourceTree = "<group>";
		};
		AF2C22281874B8B700082561 /* Color Match */ = {
			isa = PBXGroup;
			children = (
				AF2C225A1874B95000082561 /* Images */,
				AF2C22311874B8B700082561 /* CMAppDelegate.h */,
				AF2C22321874B8B800082561 /* CMAppDelegate.m */,
				AF2C22341874B8B800082561 /* Main_iPhone.storyboard */,
				AF2C22371874B8B800082561 /* Main_iPad.storyboard */,
				AF2C223A1874B8B800082561 /* MainGameViewController.h */,
				AF2C223B1874B8B800082561 /* MainGameViewController.m */,
				AF2C223D1874B8B800082561 /* Images.xcassets */,
				AF2C22291874B8B700082561 /* Supporting Files */,
				AFADA23318791E4400FADA22 /* GridColorButton.h */,
				AFADA23418791E4400FADA22 /* GridColorButton.m */,
				AFB8967F1881C0C7003FAEF4 /* GoalBoard.h */,
				AFB896801881C0C7003FAEF4 /* GoalBoard.m */,
				AFB896821881C288003FAEF4 /* CommonTypes.h */,
				AFB896831881E011003FAEF4 /* ColorBoard.h */,
				AFB896841881E011003FAEF4 /* ColorBoard.m */,
				AFB896861881E2E6003FAEF4 /* CommonUtils.h */,
				AFB896871881E2E6003FAEF4 /* CommonUtils.m */,
				AFB896891881EDD0003FAEF4 /* UserColorBoard.h */,
				AFB8968A1881EDD0003FAEF4 /* UserColorBoard.m */,
				AFB8968F18822186003FAEF4 /* ChooseGameSizeViewController.h */,
				AFB8969018822186003FAEF4 /* ChooseGameSizeViewController.m */,
				AFB8969418823E6E003FAEF4 /* MainUINavigationController.h */,
				AFB8969518823E6E003FAEF4 /* MainUINavigationController.m */,
				BF6304371895F231002F3C9E /* ColorCell.h */,
				BF6304381895F231002F3C9E /* ColorCell.m */,
				BF0D4BC3192010BB00AACB5A /* BoardCells.h */,
				BF0D4BC4192010BB00AACB5A /* BoardCells.m */,
				BF0D4BCA1921DEE700AACB5A /* ConnectorLines.h */,
				BF0D4BCB1921DEE700AACB5A /* ConnectorLines.m */,
				BF0D4BCD1929379100AACB5A /* LineInfo.h */,
				BF0D4BCE1929379100AACB5A /* LineInfo.m */,
				BF0D4BD21929429E00AACB5A /* LinePiece.h */,
				BF0D4BD31929429E00AACB5A /* LinePiece.m */,
				BFA3A2C6193AE81100C1BB7D /* WorldViewController.h */,
				BFA3A2C7193AE81100C1BB7D /* WorldViewController.m */,
				BFA3A2CD1944386400C1BB7D /* LevelSelectButton.h */,
				BFA3A2CE1944386400C1BB7D /* LevelSelectButton.m */,
				BFA3A2D01944B6B900C1BB7D /* UserData.h */,
				BFA3A2D11944B6B900C1BB7D /* UserData.m */,
			);
			path = "Color Match";
			sourceTree = "<group>";
		};
		AF2C22291874B8B700082561 /* Supporting Files */ = {
			isa = PBXGroup;
			children = (
				AF2C222A1874B8B700082561 /* Color Match-Info.plist */,
				AF2C222B1874B8B700082561 /* InfoPlist.strings */,
				AF2C222E1874B8B700082561 /* main.m */,
				AF2C22301874B8B700082561 /* Color Match-Prefix.pch */,
			);
			name = "Supporting Files";
			sourceTree = "<group>";
		};
		AF2C224A1874B8B800082561 /* Color MatchTests */ = {
			isa = PBXGroup;
			children = (
				AF2C22501874B8B800082561 /* Color_MatchTests.m */,
				AF2C224B1874B8B800082561 /* Supporting Files */,
			);
			path = "Color MatchTests";
			sourceTree = "<group>";
		};
		AF2C224B1874B8B800082561 /* Supporting Files */ = {
			isa = PBXGroup;
			children = (
				AF2C224C1874B8B800082561 /* Color MatchTests-Info.plist */,
				AF2C224D1874B8B800082561 /* InfoPlist.strings */,
			);
			name = "Supporting Files";
			sourceTree = "<group>";
		};
		AF2C225A1874B95000082561 /* Images */ = {
			isa = PBXGroup;
			children = (
				BFA3A2C9193AF4D900C1BB7D /* completeLevel@2x.png */,
				BFA3A2CA193AF4D900C1BB7D /* incompleteLevel@2x.png */,
				BFA3A2C4193A566F00C1BB7D /* logo@2x.png */,
				BFA3A2B61931401700C1BB7D /* ReflectorArrowLtDBlue@2x.png */,
				BFA3A2B71931401700C1BB7D /* ReflectorArrowLtDRed@2x.png */,
				BFA3A2B81931401700C1BB7D /* ReflectorArrowLtDYellow@2x.png */,
				BFA3A2B91931401700C1BB7D /* ReflectorArrowTtRBlue@2x.png */,
				BFA3A2BA1931401700C1BB7D /* ReflectorArrowTtRRed@2x.png */,
				BFA3A2BB1931401700C1BB7D /* ReflectorArrowTtRYellow@2x.png */,
				BFA3A2B2192D899D00C1BB7D /* ReflectorArrowLtD@2x.png */,
				BFA3A2B3192D899D00C1BB7D /* ReflectorArrowTtR@2x.png */,
				BF874D14192B2CBB001701A2 /* ReflectorTtRGoal@2x.png */,
				BF874D0D192B28C1001701A2 /* ReflectorLtDGoal@2x.png */,
				BF0D4BD019293E5500AACB5A /* BlockClear.png */,
				AFB75A9D18834ECD00CAB736 /* AppIcon120.png */,
				AFB75A9A188339C900CAB736 /* GameLogo.png */,
				AFB8969218822F2F003FAEF4 /* ButtonBar2.png */,
				AFADA2071877D20D00FADA22 /* BlockBlue.png */,
				AFADA2081877D20D00FADA22 /* BlockGreen.png */,
				AFADA2091877D20D00FADA22 /* BlockOrange.png */,
				AFADA20A1877D20D00FADA22 /* BlockPurple.png */,
				AFADA20B1877D20D00FADA22 /* BlockRed.png */,
				AFADA20C1877D20D00FADA22 /* BlockWhite.png */,
				AFADA20D1877D20D00FADA22 /* BlockYellow.png */,
				AFADA20E1877D20D00FADA22 /* Blue.png */,
				AFADA20F1877D20D00FADA22 /* BlueSelected.png */,
				AFADA2111877D20D00FADA22 /* EmptyCircle.png */,
				AFADA2121877D20D00FADA22 /* FilledCircleBlue.png */,
				AFADA2131877D20D00FADA22 /* FilledCircleGreen.png */,
				AFADA2141877D20D00FADA22 /* FilledCircleRed.png */,
				AFADA2151877D20D00FADA22 /* FilledCircleYellow.png */,
				AFADA2101877D20D00FADA22 /* ButtonBar.png */,
				AFADA2161877D20D00FADA22 /* Green.png */,
				AFADA2171877D20D00FADA22 /* Red.png */,
				AFADA2181877D20D00FADA22 /* RedSelected.png */,
				AFADA2191877D20D00FADA22 /* White.png */,
				AFADA21A1877D20D00FADA22 /* WhiteSelected.png */,
				AFADA21B1877D20D00FADA22 /* Yellow.png */,
				AFADA21C1877D20D00FADA22 /* YellowSelected.png */,
			);
			name = Images;
			path = ../Images;
			sourceTree = "<group>";
		};
/* End PBXGroup section */

/* Begin PBXNativeTarget section */
		AF2C221E1874B8B700082561 /* Color Match */ = {
			isa = PBXNativeTarget;
			buildConfigurationList = AF2C22541874B8B800082561 /* Build configuration list for PBXNativeTarget "Color Match" */;
			buildPhases = (
				AF2C221B1874B8B700082561 /* Sources */,
				AF2C221C1874B8B700082561 /* Frameworks */,
				AF2C221D1874B8B700082561 /* Resources */,
			);
			buildRules = (
			);
			dependencies = (
			);
			name = "Color Match";
			productName = "Color Match";
			productReference = AF2C221F1874B8B700082561 /* Color Match.app */;
			productType = "com.apple.product-type.application";
		};
		AF2C22421874B8B800082561 /* Color MatchTests */ = {
			isa = PBXNativeTarget;
			buildConfigurationList = AF2C22571874B8B800082561 /* Build configuration list for PBXNativeTarget "Color MatchTests" */;
			buildPhases = (
				AF2C223F1874B8B800082561 /* Sources */,
				AF2C22401874B8B800082561 /* Frameworks */,
				AF2C22411874B8B800082561 /* Resources */,
			);
			buildRules = (
			);
			dependencies = (
				AF2C22491874B8B800082561 /* PBXTargetDependency */,
			);
			name = "Color MatchTests";
			productName = "Color MatchTests";
			productReference = AF2C22431874B8B800082561 /* Color MatchTests.xctest */;
			productType = "com.apple.product-type.bundle.unit-test";
		};
/* End PBXNativeTarget section */

/* Begin PBXProject section */
		AF2C22171874B8B700082561 /* Project object */ = {
			isa = PBXProject;
			attributes = {
				CLASSPREFIX = CM;
				LastUpgradeCheck = 0500;
				ORGANIZATIONNAME = "SunSpark Entertainment";
				TargetAttributes = {
					AF2C22421874B8B800082561 = {
						TestTargetID = AF2C221E1874B8B700082561;
					};
				};
			};
			buildConfigurationList = AF2C221A1874B8B700082561 /* Build configuration list for PBXProject "Color Match" */;
			compatibilityVersion = "Xcode 3.2";
			developmentRegion = English;
			hasScannedForEncodings = 0;
			knownRegions = (
				en,
				Base,
			);
			mainGroup = AF2C22161874B8B700082561;
			productRefGroup = AF2C22201874B8B700082561 /* Products */;
			projectDirPath = "";
			projectRoot = "";
			targets = (
				AF2C221E1874B8B700082561 /* Color Match */,
				AF2C22421874B8B800082561 /* Color MatchTests */,
			);
		};
/* End PBXProject section */

/* Begin PBXResourcesBuildPhase section */
		AF2C221D1874B8B700082561 /* Resources */ = {
			isa = PBXResourcesBuildPhase;
			buildActionMask = 2147483647;
			files = (
				AFADA21F1877D20D00FADA22 /* BlockOrange.png in Resources */,
				BF874D11192B28C1001701A2 /* ReflectorLtDGoal@2x.png in Resources */,
				BFA3A2BF1931401700C1BB7D /* ReflectorArrowTtRBlue@2x.png in Resources */,
				AFADA2281877D20D00FADA22 /* FilledCircleBlue.png in Resources */,
				AFADA2321877D20D00FADA22 /* YellowSelected.png in Resources */,
				AF2C22391874B8B800082561 /* Main_iPad.storyboard in Resources */,
				AFADA22F1877D20D00FADA22 /* White.png in Resources */,
				AF2C223E1874B8B800082561 /* Images.xcassets in Resources */,
				AFADA22E1877D20D00FADA22 /* RedSelected.png in Resources */,
				AFADA2311877D20D00FADA22 /* Yellow.png in Resources */,
				AFADA2301877D20D00FADA22 /* WhiteSelected.png in Resources */,
				AFADA2261877D20D00FADA22 /* ButtonBar.png in Resources */,
				BFA3A2CC193AF4D900C1BB7D /* incompleteLevel@2x.png in Resources */,
				AFADA2241877D20D00FADA22 /* Blue.png in Resources */,
				BFA3A2B5192D899D00C1BB7D /* ReflectorArrowTtR@2x.png in Resources */,
				BFA3A2CB193AF4D900C1BB7D /* completeLevel@2x.png in Resources */,
				AFADA22D1877D20D00FADA22 /* Red.png in Resources */,
				AFADA22B1877D20D00FADA22 /* FilledCircleYellow.png in Resources */,
				BFA3A2C5193A566F00C1BB7D /* logo@2x.png in Resources */,
				AF2C22361874B8B800082561 /* Main_iPhone.storyboard in Resources */,
				AFADA2251877D20D00FADA22 /* BlueSelected.png in Resources */,
				BF0D4BD119293E5500AACB5A /* BlockClear.png in Resources */,
				AFADA22C1877D20D00FADA22 /* Green.png in Resources */,
				BFA3A2BC1931401700C1BB7D /* ReflectorArrowLtDBlue@2x.png in Resources */,
				AFADA2231877D20D00FADA22 /* BlockYellow.png in Resources */,
				BFA3A2BE1931401700C1BB7D /* ReflectorArrowLtDYellow@2x.png in Resources */,
				AFADA22A1877D20D00FADA22 /* FilledCircleRed.png in Resources */,
				AFADA2271877D20D00FADA22 /* EmptyCircle.png in Resources */,
				AFADA2291877D20D00FADA22 /* FilledCircleGreen.png in Resources */,
				AFADA2211877D20D00FADA22 /* BlockRed.png in Resources */,
				AFB75A9F18834ECD00CAB736 /* AppIcon120.png in Resources */,
				AF2C222D1874B8B700082561 /* InfoPlist.strings in Resources */,
				BF874D15192B2CBB001701A2 /* ReflectorTtRGoal@2x.png in Resources */,
				BFA3A2BD1931401700C1BB7D /* ReflectorArrowLtDRed@2x.png in Resources */,
				AFB75A9B188339C900CAB736 /* GameLogo.png in Resources */,
				BFA3A2B4192D899D00C1BB7D /* ReflectorArrowLtD@2x.png in Resources */,
				AFADA2201877D20D00FADA22 /* BlockPurple.png in Resources */,
				BFA3A2C11931401700C1BB7D /* ReflectorArrowTtRYellow@2x.png in Resources */,
				AFB8969318822F2F003FAEF4 /* ButtonBar2.png in Resources */,
				BFA3A2C01931401700C1BB7D /* ReflectorArrowTtRRed@2x.png in Resources */,
				AFADA2221877D20D00FADA22 /* BlockWhite.png in Resources */,
				AFADA21D1877D20D00FADA22 /* BlockBlue.png in Resources */,
				AFADA21E1877D20D00FADA22 /* BlockGreen.png in Resources */,
			);
			runOnlyForDeploymentPostprocessing = 0;
		};
		AF2C22411874B8B800082561 /* Resources */ = {
			isa = PBXResourcesBuildPhase;
			buildActionMask = 2147483647;
			files = (
				AF2C224F1874B8B800082561 /* InfoPlist.strings in Resources */,
			);
			runOnlyForDeploymentPostprocessing = 0;
		};
/* End PBXResourcesBuildPhase section */

/* Begin PBXSourcesBuildPhase section */
		AF2C221B1874B8B700082561 /* Sources */ = {
			isa = PBXSourcesBuildPhase;
			buildActionMask = 2147483647;
			files = (
				AFB896851881E011003FAEF4 /* ColorBoard.m in Sources */,
				AFB8968B1881EDD0003FAEF4 /* UserColorBoard.m in Sources */,
				AFB8969118822186003FAEF4 /* ChooseGameSizeViewController.m in Sources */,
				BF0D4BD41929429E00AACB5A /* LinePiece.m in Sources */,
				BFA3A2D21944B6B900C1BB7D /* UserData.m in Sources */,
				AFB896881881E2E6003FAEF4 /* CommonUtils.m in Sources */,
				AFB8969618823E6E003FAEF4 /* MainUINavigationController.m in Sources */,
				BF0D4BCF1929379100AACB5A /* LineInfo.m in Sources */,
				BFA3A2C8193AE81100C1BB7D /* WorldViewController.m in Sources */,
				AF2C22331874B8B800082561 /* CMAppDelegate.m in Sources */,
				BF0D4BCC1921DEE700AACB5A /* ConnectorLines.m in Sources */,
				BFA3A2CF1944386400C1BB7D /* LevelSelectButton.m in Sources */,
				BF6304391895F231002F3C9E /* ColorCell.m in Sources */,
				AFADA23518791E4400FADA22 /* GridColorButton.m in Sources */,
				AF2C222F1874B8B700082561 /* main.m in Sources */,
				AF2C223C1874B8B800082561 /* MainGameViewController.m in Sources */,
				BF0D4BC5192010BB00AACB5A /* BoardCells.m in Sources */,
				AFB896811881C0C7003FAEF4 /* GoalBoard.m in Sources */,
			);
			runOnlyForDeploymentPostprocessing = 0;
		};
		AF2C223F1874B8B800082561 /* Sources */ = {
			isa = PBXSourcesBuildPhase;
			buildActionMask = 2147483647;
			files = (
				AF2C22511874B8B800082561 /* Color_MatchTests.m in Sources */,
			);
			runOnlyForDeploymentPostprocessing = 0;
		};
/* End PBXSourcesBuildPhase section */

/* Begin PBXTargetDependency section */
		AF2C22491874B8B800082561 /* PBXTargetDependency */ = {
			isa = PBXTargetDependency;
			target = AF2C221E1874B8B700082561 /* Color Match */;
			targetProxy = AF2C22481874B8B800082561 /* PBXContainerItemProxy */;
		};
/* End PBXTargetDependency section */

/* Begin PBXVariantGroup section */
		AF2C222B1874B8B700082561 /* InfoPlist.strings */ = {
			isa = PBXVariantGroup;
			children = (
				AF2C222C1874B8B700082561 /* en */,
			);
			name = InfoPlist.strings;
			sourceTree = "<group>";
		};
		AF2C22341874B8B800082561 /* Main_iPhone.storyboard */ = {
			isa = PBXVariantGroup;
			children = (
				AF2C22351874B8B800082561 /* Base */,
			);
			name = Main_iPhone.storyboard;
			sourceTree = "<group>";
		};
		AF2C22371874B8B800082561 /* Main_iPad.storyboard */ = {
			isa = PBXVariantGroup;
			children = (
				AF2C22381874B8B800082561 /* Base */,
			);
			name = Main_iPad.storyboard;
			sourceTree = "<group>";
		};
		AF2C224D1874B8B800082561 /* InfoPlist.strings */ = {
			isa = PBXVariantGroup;
			children = (
				AF2C224E1874B8B800082561 /* en */,
			);
			name = InfoPlist.strings;
			sourceTree = "<group>";
		};
/* End PBXVariantGroup section */

/* Begin XCBuildConfiguration section */
		AF2C22521874B8B800082561 /* Debug */ = {
			isa = XCBuildConfiguration;
			buildSettings = {
				ALWAYS_SEARCH_USER_PATHS = NO;
				ARCHS = "$(ARCHS_STANDARD_INCLUDING_64_BIT)";
				CLANG_CXX_LANGUAGE_STANDARD = "gnu++0x";
				CLANG_CXX_LIBRARY = "libc++";
				CLANG_ENABLE_MODULES = YES;
				CLANG_ENABLE_OBJC_ARC = YES;
				CLANG_WARN_BOOL_CONVERSION = YES;
				CLANG_WARN_CONSTANT_CONVERSION = YES;
				CLANG_WARN_DIRECT_OBJC_ISA_USAGE = YES_ERROR;
				CLANG_WARN_EMPTY_BODY = YES;
				CLANG_WARN_ENUM_CONVERSION = YES;
				CLANG_WARN_INT_CONVERSION = YES;
				CLANG_WARN_OBJC_ROOT_CLASS = YES_ERROR;
				CLANG_WARN__DUPLICATE_METHOD_MATCH = YES;
				"CODE_SIGN_IDENTITY[sdk=iphoneos*]" = "iPhone Developer";
				COPY_PHASE_STRIP = NO;
				GCC_C_LANGUAGE_STANDARD = gnu99;
				GCC_DYNAMIC_NO_PIC = NO;
				GCC_OPTIMIZATION_LEVEL = 0;
				GCC_PREPROCESSOR_DEFINITIONS = (
					"DEBUG=1",
					"$(inherited)",
				);
				GCC_SYMBOLS_PRIVATE_EXTERN = NO;
				GCC_WARN_64_TO_32_BIT_CONVERSION = YES;
				GCC_WARN_ABOUT_RETURN_TYPE = YES_ERROR;
				GCC_WARN_UNDECLARED_SELECTOR = YES;
				GCC_WARN_UNINITIALIZED_AUTOS = YES;
				GCC_WARN_UNUSED_FUNCTION = YES;
				GCC_WARN_UNUSED_VARIABLE = YES;
				IPHONEOS_DEPLOYMENT_TARGET = 7.0;
				ONLY_ACTIVE_ARCH = YES;
				SDKROOT = iphoneos;
				TARGETED_DEVICE_FAMILY = "1,2";
			};
			name = Debug;
		};
		AF2C22531874B8B800082561 /* Release */ = {
			isa = XCBuildConfiguration;
			buildSettings = {
				ALWAYS_SEARCH_USER_PATHS = NO;
				ARCHS = "$(ARCHS_STANDARD_INCLUDING_64_BIT)";
				CLANG_CXX_LANGUAGE_STANDARD = "gnu++0x";
				CLANG_CXX_LIBRARY = "libc++";
				CLANG_ENABLE_MODULES = YES;
				CLANG_ENABLE_OBJC_ARC = YES;
				CLANG_WARN_BOOL_CONVERSION = YES;
				CLANG_WARN_CONSTANT_CONVERSION = YES;
				CLANG_WARN_DIRECT_OBJC_ISA_USAGE = YES_ERROR;
				CLANG_WARN_EMPTY_BODY = YES;
				CLANG_WARN_ENUM_CONVERSION = YES;
				CLANG_WARN_INT_CONVERSION = YES;
				CLANG_WARN_OBJC_ROOT_CLASS = YES_ERROR;
				CLANG_WARN__DUPLICATE_METHOD_MATCH = YES;
				"CODE_SIGN_IDENTITY[sdk=iphoneos*]" = "iPhone Developer";
				COPY_PHASE_STRIP = YES;
				ENABLE_NS_ASSERTIONS = NO;
				GCC_C_LANGUAGE_STANDARD = gnu99;
				GCC_WARN_64_TO_32_BIT_CONVERSION = YES;
				GCC_WARN_ABOUT_RETURN_TYPE = YES_ERROR;
				GCC_WARN_UNDECLARED_SELECTOR = YES;
				GCC_WARN_UNINITIALIZED_AUTOS = YES;
				GCC_WARN_UNUSED_FUNCTION = YES;
				GCC_WARN_UNUSED_VARIABLE = YES;
				IPHONEOS_DEPLOYMENT_TARGET = 7.0;
				SDKROOT = iphoneos;
				TARGETED_DEVICE_FAMILY = "1,2";
				VALIDATE_PRODUCT = YES;
			};
			name = Release;
		};
		AF2C22551874B8B800082561 /* Debug */ = {
			isa = XCBuildConfiguration;
			buildSettings = {
				ASSETCATALOG_COMPILER_APPICON_NAME = AppIcon;
				ASSETCATALOG_COMPILER_LAUNCHIMAGE_NAME = LaunchImage;
				CODE_SIGN_IDENTITY = FakeCodeSign2;
				GCC_PRECOMPILE_PREFIX_HEADER = YES;
				GCC_PREFIX_HEADER = "Color Match/Color Match-Prefix.pch";
				INFOPLIST_FILE = "Color Match/Color Match-Info.plist";
				PRODUCT_NAME = "$(TARGET_NAME)";
				WRAPPER_EXTENSION = app;
			};
			name = Debug;
		};
		AF2C22561874B8B800082561 /* Release */ = {
			isa = XCBuildConfiguration;
			buildSettings = {
				ASSETCATALOG_COMPILER_APPICON_NAME = AppIcon;
				ASSETCATALOG_COMPILER_LAUNCHIMAGE_NAME = LaunchImage;
				CODE_SIGN_IDENTITY = FakeCodeSign2;
				GCC_PRECOMPILE_PREFIX_HEADER = YES;
				GCC_PREFIX_HEADER = "Color Match/Color Match-Prefix.pch";
				INFOPLIST_FILE = "Color Match/Color Match-Info.plist";
				PRODUCT_NAME = "$(TARGET_NAME)";
				WRAPPER_EXTENSION = app;
			};
			name = Release;
		};
		AF2C22581874B8B800082561 /* Debug */ = {
			isa = XCBuildConfiguration;
			buildSettings = {
				ARCHS = "$(ARCHS_STANDARD_INCLUDING_64_BIT)";
				BUNDLE_LOADER = "$(BUILT_PRODUCTS_DIR)/Color Match.app/Color Match";
				FRAMEWORK_SEARCH_PATHS = (
					"$(SDKROOT)/Developer/Library/Frameworks",
					"$(inherited)",
					"$(DEVELOPER_FRAMEWORKS_DIR)",
				);
				GCC_PRECOMPILE_PREFIX_HEADER = YES;
				GCC_PREFIX_HEADER = "Color Match/Color Match-Prefix.pch";
				GCC_PREPROCESSOR_DEFINITIONS = (
					"DEBUG=1",
					"$(inherited)",
				);
				INFOPLIST_FILE = "Color MatchTests/Color MatchTests-Info.plist";
				PRODUCT_NAME = "$(TARGET_NAME)";
				TEST_HOST = "$(BUNDLE_LOADER)";
				WRAPPER_EXTENSION = xctest;
			};
			name = Debug;
		};
		AF2C22591874B8B800082561 /* Release */ = {
			isa = XCBuildConfiguration;
			buildSettings = {
				ARCHS = "$(ARCHS_STANDARD_INCLUDING_64_BIT)";
				BUNDLE_LOADER = "$(BUILT_PRODUCTS_DIR)/Color Match.app/Color Match";
				FRAMEWORK_SEARCH_PATHS = (
					"$(SDKROOT)/Developer/Library/Frameworks",
					"$(inherited)",
					"$(DEVELOPER_FRAMEWORKS_DIR)",
				);
				GCC_PRECOMPILE_PREFIX_HEADER = YES;
				GCC_PREFIX_HEADER = "Color Match/Color Match-Prefix.pch";
				INFOPLIST_FILE = "Color MatchTests/Color MatchTests-Info.plist";
				PRODUCT_NAME = "$(TARGET_NAME)";
				TEST_HOST = "$(BUNDLE_LOADER)";
				WRAPPER_EXTENSION = xctest;
			};
			name = Release;
		};
/* End XCBuildConfiguration section */

/* Begin XCConfigurationList section */
		AF2C221A1874B8B700082561 /* Build configuration list for PBXProject "Color Match" */ = {
			isa = XCConfigurationList;
			buildConfigurations = (
				AF2C22521874B8B800082561 /* Debug */,
				AF2C22531874B8B800082561 /* Release */,
			);
			defaultConfigurationIsVisible = 0;
			defaultConfigurationName = Release;
		};
		AF2C22541874B8B800082561 /* Build configuration list for PBXNativeTarget "Color Match" */ = {
			isa = XCConfigurationList;
			buildConfigurations = (
				AF2C22551874B8B800082561 /* Debug */,
				AF2C22561874B8B800082561 /* Release */,
			);
			defaultConfigurationIsVisible = 0;
			defaultConfigurationName = Release;
		};
		AF2C22571874B8B800082561 /* Build configuration list for PBXNativeTarget "Color MatchTests" */ = {
			isa = XCConfigurationList;
			buildConfigurations = (
				AF2C22581874B8B800082561 /* Debug */,
				AF2C22591874B8B800082561 /* Release */,
			);
			defaultConfigurationIsVisible = 0;
			defaultConfigurationName = Release;
		};
/* End XCConfigurationList section */
	};
	rootObject = AF2C22171874B8B700082561 /* Project object */;
}
